PODS:
  - athmovil-checkout (3.0.0)

DEPENDENCIES:
  - athmovil-checkout (from `../`)

EXTERNAL SOURCES:
  athmovil-checkout:
    :path: "../"

SPEC CHECKSUMS:
  athmovil-checkout: def438a140d6f6d7503d69a18b94150a3b1fd7aa

PODFILE CHECKSUM: 3bbf5ccaf28ea5577e5cfda5f763b4cec38b666d

COCOAPODS: 1.10.0
