PODS:
  - athmovil-checkout (4.2.1)

DEPENDENCIES:
  - athmovil-checkout (from `../`)

EXTERNAL SOURCES:
  athmovil-checkout:
    :path: "../"

SPEC CHECKSUMS:
  athmovil-checkout: 69ce0b07b0c0487b4ac7418ee918202f97ff855d

PODFILE CHECKSUM: 3ce7484a04da60e7ef427b0c9633458fc7e200fc

COCOAPODS: 1.16.2
