PODS:
  - athmovil-checkout (1.0.0)

DEPENDENCIES:
  - athmovil-checkout (from `../`)

EXTERNAL SOURCES:
  athmovil-checkout:
    :path: "../"

SPEC CHECKSUMS:
  athmovil-checkout: c23cd9cd0381945691751132f03e8a11035543ab

PODFILE CHECKSUM: 588f317724d6333fba9809c75e2a7648823c5b69

COCOAPODS: 1.5.3
