// !$*UTF8*$!
{
	archiveVersion = 1;
	classes = {
	};
	objectVersion = 51;
	objects = {

/* Begin PBXBuildFile section */
		0719AA5422244516003C8689 /* AppDelegate.m in Sources */ = {isa = PBXBuildFile; fileRef = 0719AA5322244516003C8689 /* AppDelegate.m */; };
		0719AA6222244516003C8689 /* main.m in Sources */ = {isa = PBXBuildFile; fileRef = 0719AA6122244516003C8689 /* main.m */; };
		07B5EF9B22245E6800AE12A4 /* CheckoutSummaryTableViewCell.xib in Resources */ = {isa = PBXBuildFile; fileRef = 07B5EF7F22245E6800AE12A4 /* CheckoutSummaryTableViewCell.xib */; };
		07B5EF9C22245E6800AE12A4 /* CheckoutSummaryTableViewCell.m in Sources */ = {isa = PBXBuildFile; fileRef = 07B5EF8022245E6800AE12A4 /* CheckoutSummaryTableViewCell.m */; };
		07B5EF9D22245E6800AE12A4 /* CheckoutDefaultTableViewCell.xib in Resources */ = {isa = PBXBuildFile; fileRef = 07B5EF8222245E6800AE12A4 /* CheckoutDefaultTableViewCell.xib */; };
		07B5EF9E22245E6800AE12A4 /* CheckoutDefaultTableViewCell.m in Sources */ = {isa = PBXBuildFile; fileRef = 07B5EF8422245E6800AE12A4 /* CheckoutDefaultTableViewCell.m */; };
		07B5EF9F22245E6800AE12A4 /* CheckoutViewController.m in Sources */ = {isa = PBXBuildFile; fileRef = 07B5EF8522245E6800AE12A4 /* CheckoutViewController.m */; };
		07B5EFA022245E6800AE12A4 /* TransactionConfirmationViewController.m in Sources */ = {isa = PBXBuildFile; fileRef = 07B5EF8622245E6800AE12A4 /* TransactionConfirmationViewController.m */; };
		07B5EFA122245E6800AE12A4 /* Checkout.storyboard in Resources */ = {isa = PBXBuildFile; fileRef = 07B5EF8922245E6800AE12A4 /* Checkout.storyboard */; };
		07B5EFA222245E6800AE12A4 /* TransactionItem.m in Sources */ = {isa = PBXBuildFile; fileRef = 07B5EF8B22245E6800AE12A4 /* TransactionItem.m */; };
		07B5EFA322245E6800AE12A4 /* UserPaymentPreferences.m in Sources */ = {isa = PBXBuildFile; fileRef = 07B5EF8C22245E6800AE12A4 /* UserPaymentPreferences.m */; };
		07B5EFA422245E6800AE12A4 /* Transaction.m in Sources */ = {isa = PBXBuildFile; fileRef = 07B5EF8D22245E6800AE12A4 /* Transaction.m */; };
		07B5EFA722245E6800AE12A4 /* CheckoutEditFooterTableViewCell.m in Sources */ = {isa = PBXBuildFile; fileRef = 07B5EF9622245E6800AE12A4 /* CheckoutEditFooterTableViewCell.m */; };
		07B5EFA822245E6800AE12A4 /* CheckoutEditFooterTableViewCell.xib in Resources */ = {isa = PBXBuildFile; fileRef = 07B5EF9722245E6800AE12A4 /* CheckoutEditFooterTableViewCell.xib */; };
		07B5EFA922245E6800AE12A4 /* CheckoutEditViewController.m in Sources */ = {isa = PBXBuildFile; fileRef = 07B5EF9822245E6800AE12A4 /* CheckoutEditViewController.m */; };
		07B5EFAA22245E6800AE12A4 /* Edit.storyboard in Resources */ = {isa = PBXBuildFile; fileRef = 07B5EF9A22245E6800AE12A4 /* Edit.storyboard */; };
		07B5EFB02224662200AE12A4 /* LaunchScreen.storyboard in Resources */ = {isa = PBXBuildFile; fileRef = 07B5EFAF2224662200AE12A4 /* LaunchScreen.storyboard */; };
		07B5EFE322248A5E00AE12A4 /* Assets.xcassets in Resources */ = {isa = PBXBuildFile; fileRef = 07B5EFE222248A5E00AE12A4 /* Assets.xcassets */; };
		AC2B8A6F0803918A9BD280AA /* Pods_checkout_demo_objc.framework in Frameworks */ = {isa = PBXBuildFile; fileRef = AA52F9CEAA68502C917B6136 /* Pods_checkout_demo_objc.framework */; };
/* End PBXBuildFile section */

/* Begin PBXCopyFilesBuildPhase section */
		07B5EFE622248ABD00AE12A4 /* Embed Frameworks */ = {
			isa = PBXCopyFilesBuildPhase;
			buildActionMask = 2147483647;
			dstPath = "";
			dstSubfolderSpec = 10;
			files = (
			);
			name = "Embed Frameworks";
			runOnlyForDeploymentPostprocessing = 0;
		};
/* End PBXCopyFilesBuildPhase section */

/* Begin PBXFileReference section */
		0719AA4F22244516003C8689 /* checkout-demo-objc.app */ = {isa = PBXFileReference; explicitFileType = wrapper.application; includeInIndex = 0; path = "checkout-demo-objc.app"; sourceTree = BUILT_PRODUCTS_DIR; };
		0719AA5222244516003C8689 /* AppDelegate.h */ = {isa = PBXFileReference; lastKnownFileType = sourcecode.c.h; path = AppDelegate.h; sourceTree = "<group>"; };
		0719AA5322244516003C8689 /* AppDelegate.m */ = {isa = PBXFileReference; lastKnownFileType = sourcecode.c.objc; path = AppDelegate.m; sourceTree = "<group>"; };
		0719AA6022244516003C8689 /* Info.plist */ = {isa = PBXFileReference; lastKnownFileType = text.plist.xml; path = Info.plist; sourceTree = "<group>"; };
		0719AA6122244516003C8689 /* main.m */ = {isa = PBXFileReference; lastKnownFileType = sourcecode.c.objc; path = main.m; sourceTree = "<group>"; };
		07B5EF7F22245E6800AE12A4 /* CheckoutSummaryTableViewCell.xib */ = {isa = PBXFileReference; fileEncoding = 4; lastKnownFileType = file.xib; path = CheckoutSummaryTableViewCell.xib; sourceTree = "<group>"; };
		07B5EF8022245E6800AE12A4 /* CheckoutSummaryTableViewCell.m */ = {isa = PBXFileReference; fileEncoding = 4; lastKnownFileType = sourcecode.c.objc; path = CheckoutSummaryTableViewCell.m; sourceTree = "<group>"; };
		07B5EF8122245E6800AE12A4 /* CheckoutDefaultTableViewCell.h */ = {isa = PBXFileReference; fileEncoding = 4; lastKnownFileType = sourcecode.c.h; path = CheckoutDefaultTableViewCell.h; sourceTree = "<group>"; };
		07B5EF8222245E6800AE12A4 /* CheckoutDefaultTableViewCell.xib */ = {isa = PBXFileReference; fileEncoding = 4; lastKnownFileType = file.xib; path = CheckoutDefaultTableViewCell.xib; sourceTree = "<group>"; };
		07B5EF8322245E6800AE12A4 /* CheckoutSummaryTableViewCell.h */ = {isa = PBXFileReference; fileEncoding = 4; lastKnownFileType = sourcecode.c.h; path = CheckoutSummaryTableViewCell.h; sourceTree = "<group>"; };
		07B5EF8422245E6800AE12A4 /* CheckoutDefaultTableViewCell.m */ = {isa = PBXFileReference; fileEncoding = 4; lastKnownFileType = sourcecode.c.objc; path = CheckoutDefaultTableViewCell.m; sourceTree = "<group>"; };
		07B5EF8522245E6800AE12A4 /* CheckoutViewController.m */ = {isa = PBXFileReference; fileEncoding = 4; lastKnownFileType = sourcecode.c.objc; path = CheckoutViewController.m; sourceTree = "<group>"; };
		07B5EF8622245E6800AE12A4 /* TransactionConfirmationViewController.m */ = {isa = PBXFileReference; fileEncoding = 4; lastKnownFileType = sourcecode.c.objc; path = TransactionConfirmationViewController.m; sourceTree = "<group>"; };
		07B5EF8722245E6800AE12A4 /* CheckoutViewController.h */ = {isa = PBXFileReference; fileEncoding = 4; lastKnownFileType = sourcecode.c.h; path = CheckoutViewController.h; sourceTree = "<group>"; };
		07B5EF8822245E6800AE12A4 /* TransactionConfirmationViewController.h */ = {isa = PBXFileReference; fileEncoding = 4; lastKnownFileType = sourcecode.c.h; path = TransactionConfirmationViewController.h; sourceTree = "<group>"; };
		07B5EF8922245E6800AE12A4 /* Checkout.storyboard */ = {isa = PBXFileReference; fileEncoding = 4; lastKnownFileType = file.storyboard; path = Checkout.storyboard; sourceTree = "<group>"; };
		07B5EF8B22245E6800AE12A4 /* TransactionItem.m */ = {isa = PBXFileReference; fileEncoding = 4; lastKnownFileType = sourcecode.c.objc; path = TransactionItem.m; sourceTree = "<group>"; };
		07B5EF8C22245E6800AE12A4 /* UserPaymentPreferences.m */ = {isa = PBXFileReference; fileEncoding = 4; lastKnownFileType = sourcecode.c.objc; path = UserPaymentPreferences.m; sourceTree = "<group>"; };
		07B5EF8D22245E6800AE12A4 /* Transaction.m */ = {isa = PBXFileReference; fileEncoding = 4; lastKnownFileType = sourcecode.c.objc; path = Transaction.m; sourceTree = "<group>"; };
		07B5EF8E22245E6800AE12A4 /* TransactionItem.h */ = {isa = PBXFileReference; fileEncoding = 4; lastKnownFileType = sourcecode.c.h; path = TransactionItem.h; sourceTree = "<group>"; };
		07B5EF8F22245E6800AE12A4 /* UserPaymentPreferences.h */ = {isa = PBXFileReference; fileEncoding = 4; lastKnownFileType = sourcecode.c.h; path = UserPaymentPreferences.h; sourceTree = "<group>"; };
		07B5EF9022245E6800AE12A4 /* Transaction.h */ = {isa = PBXFileReference; fileEncoding = 4; lastKnownFileType = sourcecode.c.h; path = Transaction.h; sourceTree = "<group>"; };
		07B5EF9522245E6800AE12A4 /* CheckoutEditFooterTableViewCell.h */ = {isa = PBXFileReference; fileEncoding = 4; lastKnownFileType = sourcecode.c.h; path = CheckoutEditFooterTableViewCell.h; sourceTree = "<group>"; };
		07B5EF9622245E6800AE12A4 /* CheckoutEditFooterTableViewCell.m */ = {isa = PBXFileReference; fileEncoding = 4; lastKnownFileType = sourcecode.c.objc; path = CheckoutEditFooterTableViewCell.m; sourceTree = "<group>"; };
		07B5EF9722245E6800AE12A4 /* CheckoutEditFooterTableViewCell.xib */ = {isa = PBXFileReference; fileEncoding = 4; lastKnownFileType = file.xib; path = CheckoutEditFooterTableViewCell.xib; sourceTree = "<group>"; };
		07B5EF9822245E6800AE12A4 /* CheckoutEditViewController.m */ = {isa = PBXFileReference; fileEncoding = 4; lastKnownFileType = sourcecode.c.objc; path = CheckoutEditViewController.m; sourceTree = "<group>"; };
		07B5EF9922245E6800AE12A4 /* CheckoutEditViewController.h */ = {isa = PBXFileReference; fileEncoding = 4; lastKnownFileType = sourcecode.c.h; path = CheckoutEditViewController.h; sourceTree = "<group>"; };
		07B5EF9A22245E6800AE12A4 /* Edit.storyboard */ = {isa = PBXFileReference; fileEncoding = 4; lastKnownFileType = file.storyboard; path = Edit.storyboard; sourceTree = "<group>"; };
		07B5EFAF2224662200AE12A4 /* LaunchScreen.storyboard */ = {isa = PBXFileReference; fileEncoding = 4; lastKnownFileType = file.storyboard; path = LaunchScreen.storyboard; sourceTree = "<group>"; };
		07B5EFE222248A5E00AE12A4 /* Assets.xcassets */ = {isa = PBXFileReference; lastKnownFileType = folder.assetcatalog; path = Assets.xcassets; sourceTree = "<group>"; };
		0D5D7650FE2893BBD11B3173 /* Pods-checkout-demo-objcTests.debug.xcconfig */ = {isa = PBXFileReference; includeInIndex = 1; lastKnownFileType = text.xcconfig; name = "Pods-checkout-demo-objcTests.debug.xcconfig"; path = "Target Support Files/Pods-checkout-demo-objcTests/Pods-checkout-demo-objcTests.debug.xcconfig"; sourceTree = "<group>"; };
		1B92D1372335733C00D505E1 /* checkout-demo-objc-Bridging-Header.h */ = {isa = PBXFileReference; lastKnownFileType = sourcecode.c.h; path = "checkout-demo-objc-Bridging-Header.h"; sourceTree = "<group>"; };
		AA52F9CEAA68502C917B6136 /* Pods_checkout_demo_objc.framework */ = {isa = PBXFileReference; explicitFileType = wrapper.framework; includeInIndex = 0; path = Pods_checkout_demo_objc.framework; sourceTree = BUILT_PRODUCTS_DIR; };
		B9B5657B31980EA0CFF70C41 /* Pods-checkout-demo-objc.debug.xcconfig */ = {isa = PBXFileReference; includeInIndex = 1; lastKnownFileType = text.xcconfig; name = "Pods-checkout-demo-objc.debug.xcconfig"; path = "Target Support Files/Pods-checkout-demo-objc/Pods-checkout-demo-objc.debug.xcconfig"; sourceTree = "<group>"; };
		D814AB7B4B2FF395F6DA444A /* Pods-checkout-demo-objc.release.xcconfig */ = {isa = PBXFileReference; includeInIndex = 1; lastKnownFileType = text.xcconfig; name = "Pods-checkout-demo-objc.release.xcconfig"; path = "Target Support Files/Pods-checkout-demo-objc/Pods-checkout-demo-objc.release.xcconfig"; sourceTree = "<group>"; };
		E07379CCABECD35F43E4E1F0 /* Pods-checkout-demo-objcTests.release.xcconfig */ = {isa = PBXFileReference; includeInIndex = 1; lastKnownFileType = text.xcconfig; name = "Pods-checkout-demo-objcTests.release.xcconfig"; path = "Target Support Files/Pods-checkout-demo-objcTests/Pods-checkout-demo-objcTests.release.xcconfig"; sourceTree = "<group>"; };
		F9014221CE2662BF46102D78 /* Pods_checkout_demo_objcTests.framework */ = {isa = PBXFileReference; explicitFileType = wrapper.framework; includeInIndex = 0; path = Pods_checkout_demo_objcTests.framework; sourceTree = BUILT_PRODUCTS_DIR; };
/* End PBXFileReference section */

/* Begin PBXFrameworksBuildPhase section */
		0719AA4C22244516003C8689 /* Frameworks */ = {
			isa = PBXFrameworksBuildPhase;
			buildActionMask = 2147483647;
			files = (
				AC2B8A6F0803918A9BD280AA /* Pods_checkout_demo_objc.framework in Frameworks */,
			);
			runOnlyForDeploymentPostprocessing = 0;
		};
/* End PBXFrameworksBuildPhase section */

/* Begin PBXGroup section */
		0719AA4622244516003C8689 = {
			isa = PBXGroup;
			children = (
				0719AA5122244516003C8689 /* checkout-demo-objc */,
				0719AA5022244516003C8689 /* Products */,
				097BDF820407D83DBFFB13CA /* Pods */,
				CE9A722AEC34FBAC32825BD8 /* Frameworks */,
			);
			sourceTree = "<group>";
		};
		0719AA5022244516003C8689 /* Products */ = {
			isa = PBXGroup;
			children = (
				0719AA4F22244516003C8689 /* checkout-demo-objc.app */,
			);
			name = Products;
			sourceTree = "<group>";
		};
		0719AA5122244516003C8689 /* checkout-demo-objc */ = {
			isa = PBXGroup;
			children = (
				07B5EFE222248A5E00AE12A4 /* Assets.xcassets */,
				07B5EFAF2224662200AE12A4 /* LaunchScreen.storyboard */,
				07B5EF7D22245E6800AE12A4 /* Checkout */,
				07B5EF9322245E6800AE12A4 /* Edit */,
				07B5EF8A22245E6800AE12A4 /* Model */,
				0719AA5222244516003C8689 /* AppDelegate.h */,
				0719AA5322244516003C8689 /* AppDelegate.m */,
				0719AA6022244516003C8689 /* Info.plist */,
				0719AA6122244516003C8689 /* main.m */,
				1B92D1372335733C00D505E1 /* checkout-demo-objc-Bridging-Header.h */,
			);
			path = "checkout-demo-objc";
			sourceTree = "<group>";
		};
		07B5EF7D22245E6800AE12A4 /* Checkout */ = {
			isa = PBXGroup;
			children = (
				07B5EF7E22245E6800AE12A4 /* Cells */,
				07B5EF8522245E6800AE12A4 /* CheckoutViewController.m */,
				07B5EF8622245E6800AE12A4 /* TransactionConfirmationViewController.m */,
				07B5EF8722245E6800AE12A4 /* CheckoutViewController.h */,
				07B5EF8822245E6800AE12A4 /* TransactionConfirmationViewController.h */,
				07B5EF8922245E6800AE12A4 /* Checkout.storyboard */,
			);
			path = Checkout;
			sourceTree = "<group>";
		};
		07B5EF7E22245E6800AE12A4 /* Cells */ = {
			isa = PBXGroup;
			children = (
				07B5EF7F22245E6800AE12A4 /* CheckoutSummaryTableViewCell.xib */,
				07B5EF8022245E6800AE12A4 /* CheckoutSummaryTableViewCell.m */,
				07B5EF8122245E6800AE12A4 /* CheckoutDefaultTableViewCell.h */,
				07B5EF8222245E6800AE12A4 /* CheckoutDefaultTableViewCell.xib */,
				07B5EF8322245E6800AE12A4 /* CheckoutSummaryTableViewCell.h */,
				07B5EF8422245E6800AE12A4 /* CheckoutDefaultTableViewCell.m */,
			);
			path = Cells;
			sourceTree = "<group>";
		};
		07B5EF8A22245E6800AE12A4 /* Model */ = {
			isa = PBXGroup;
			children = (
				07B5EF8B22245E6800AE12A4 /* TransactionItem.m */,
				07B5EF8C22245E6800AE12A4 /* UserPaymentPreferences.m */,
				07B5EF8D22245E6800AE12A4 /* Transaction.m */,
				07B5EF8E22245E6800AE12A4 /* TransactionItem.h */,
				07B5EF8F22245E6800AE12A4 /* UserPaymentPreferences.h */,
				07B5EF9022245E6800AE12A4 /* Transaction.h */,
			);
			path = Model;
			sourceTree = "<group>";
		};
		07B5EF9322245E6800AE12A4 /* Edit */ = {
			isa = PBXGroup;
			children = (
				07B5EF9422245E6800AE12A4 /* Cells */,
				07B5EF9822245E6800AE12A4 /* CheckoutEditViewController.m */,
				07B5EF9922245E6800AE12A4 /* CheckoutEditViewController.h */,
				07B5EF9A22245E6800AE12A4 /* Edit.storyboard */,
			);
			path = Edit;
			sourceTree = "<group>";
		};
		07B5EF9422245E6800AE12A4 /* Cells */ = {
			isa = PBXGroup;
			children = (
				07B5EF9522245E6800AE12A4 /* CheckoutEditFooterTableViewCell.h */,
				07B5EF9622245E6800AE12A4 /* CheckoutEditFooterTableViewCell.m */,
				07B5EF9722245E6800AE12A4 /* CheckoutEditFooterTableViewCell.xib */,
			);
			path = Cells;
			sourceTree = "<group>";
		};
		097BDF820407D83DBFFB13CA /* Pods */ = {
			isa = PBXGroup;
			children = (
				B9B5657B31980EA0CFF70C41 /* Pods-checkout-demo-objc.debug.xcconfig */,
				D814AB7B4B2FF395F6DA444A /* Pods-checkout-demo-objc.release.xcconfig */,
				0D5D7650FE2893BBD11B3173 /* Pods-checkout-demo-objcTests.debug.xcconfig */,
				E07379CCABECD35F43E4E1F0 /* Pods-checkout-demo-objcTests.release.xcconfig */,
			);
			path = Pods;
			sourceTree = "<group>";
		};
		CE9A722AEC34FBAC32825BD8 /* Frameworks */ = {
			isa = PBXGroup;
			children = (
				AA52F9CEAA68502C917B6136 /* Pods_checkout_demo_objc.framework */,
				F9014221CE2662BF46102D78 /* Pods_checkout_demo_objcTests.framework */,
			);
			name = Frameworks;
			sourceTree = "<group>";
		};
/* End PBXGroup section */

/* Begin PBXNativeTarget section */
		0719AA4E22244516003C8689 /* checkout-demo-objc */ = {
			isa = PBXNativeTarget;
			buildConfigurationList = 0719AA7022244516003C8689 /* Build configuration list for PBXNativeTarget "checkout-demo-objc" */;
			buildPhases = (
				EA9695BE0E841238E31CA314 /* [CP] Check Pods Manifest.lock */,
				0719AA4B22244516003C8689 /* Sources */,
				0719AA4C22244516003C8689 /* Frameworks */,
				0719AA4D22244516003C8689 /* Resources */,
				07B5EFE622248ABD00AE12A4 /* Embed Frameworks */,
				A73A774AFA92CE35EA858291 /* [CP] Embed Pods Frameworks */,
			);
			buildRules = (
			);
			dependencies = (
			);
			name = "checkout-demo-objc";
			productName = "checkout-demo-objc";
			productReference = 0719AA4F22244516003C8689 /* checkout-demo-objc.app */;
			productType = "com.apple.product-type.application";
		};
/* End PBXNativeTarget section */

/* Begin PBXProject section */
		0719AA4722244516003C8689 /* Project object */ = {
			isa = PBXProject;
			attributes = {
				LastUpgradeCheck = 1000;
				ORGANIZATIONNAME = "Evertec, Inc.";
				TargetAttributes = {
					0719AA4E22244516003C8689 = {
						CreatedOnToolsVersion = 10.0;
						LastSwiftMigration = 1030;
					};
				};
			};
			buildConfigurationList = 0719AA4A22244516003C8689 /* Build configuration list for PBXProject "checkout-demo-objc" */;
			compatibilityVersion = "Xcode 9.3";
			developmentRegion = en;
			hasScannedForEncodings = 0;
			knownRegions = (
				en,
				Base,
			);
			mainGroup = 0719AA4622244516003C8689;
			productRefGroup = 0719AA5022244516003C8689 /* Products */;
			projectDirPath = "";
			projectRoot = "";
			targets = (
				0719AA4E22244516003C8689 /* checkout-demo-objc */,
			);
		};
/* End PBXProject section */

/* Begin PBXResourcesBuildPhase section */
		0719AA4D22244516003C8689 /* Resources */ = {
			isa = PBXResourcesBuildPhase;
			buildActionMask = 2147483647;
			files = (
				07B5EF9B22245E6800AE12A4 /* CheckoutSummaryTableViewCell.xib in Resources */,
				07B5EF9D22245E6800AE12A4 /* CheckoutDefaultTableViewCell.xib in Resources */,
				07B5EFA822245E6800AE12A4 /* CheckoutEditFooterTableViewCell.xib in Resources */,
				07B5EFB02224662200AE12A4 /* LaunchScreen.storyboard in Resources */,
				07B5EFE322248A5E00AE12A4 /* Assets.xcassets in Resources */,
				07B5EFAA22245E6800AE12A4 /* Edit.storyboard in Resources */,
				07B5EFA122245E6800AE12A4 /* Checkout.storyboard in Resources */,
			);
			runOnlyForDeploymentPostprocessing = 0;
		};
/* End PBXResourcesBuildPhase section */

/* Begin PBXShellScriptBuildPhase section */
		A73A774AFA92CE35EA858291 /* [CP] Embed Pods Frameworks */ = {
			isa = PBXShellScriptBuildPhase;
			buildActionMask = 2147483647;
			files = (
			);
			inputFileListPaths = (
				"${PODS_ROOT}/Target Support Files/Pods-checkout-demo-objc/Pods-checkout-demo-objc-frameworks-${CONFIGURATION}-input-files.xcfilelist",
			);
			name = "[CP] Embed Pods Frameworks";
			outputFileListPaths = (
				"${PODS_ROOT}/Target Support Files/Pods-checkout-demo-objc/Pods-checkout-demo-objc-frameworks-${CONFIGURATION}-output-files.xcfilelist",
			);
			runOnlyForDeploymentPostprocessing = 0;
			shellPath = /bin/sh;
			shellScript = "\"${PODS_ROOT}/Target Support Files/Pods-checkout-demo-objc/Pods-checkout-demo-objc-frameworks.sh\"\n";
			showEnvVarsInLog = 0;
		};
		EA9695BE0E841238E31CA314 /* [CP] Check Pods Manifest.lock */ = {
			isa = PBXShellScriptBuildPhase;
			buildActionMask = 2147483647;
			files = (
			);
			inputFileListPaths = (
			);
			inputPaths = (
				"${PODS_PODFILE_DIR_PATH}/Podfile.lock",
				"${PODS_ROOT}/Manifest.lock",
			);
			name = "[CP] Check Pods Manifest.lock";
			outputFileListPaths = (
			);
			outputPaths = (
				"$(DERIVED_FILE_DIR)/Pods-checkout-demo-objc-checkManifestLockResult.txt",
			);
			runOnlyForDeploymentPostprocessing = 0;
			shellPath = /bin/sh;
			shellScript = "diff \"${PODS_PODFILE_DIR_PATH}/Podfile.lock\" \"${PODS_ROOT}/Manifest.lock\" > /dev/null\nif [ $? != 0 ] ; then\n    # print error to STDERR\n    echo \"error: The sandbox is not in sync with the Podfile.lock. Run 'pod install' or update your CocoaPods installation.\" >&2\n    exit 1\nfi\n# This output is used by Xcode 'outputs' to avoid re-running this script phase.\necho \"SUCCESS\" > \"${SCRIPT_OUTPUT_FILE_0}\"\n";
			showEnvVarsInLog = 0;
		};
/* End PBXShellScriptBuildPhase section */

/* Begin PBXSourcesBuildPhase section */
		0719AA4B22244516003C8689 /* Sources */ = {
			isa = PBXSourcesBuildPhase;
			buildActionMask = 2147483647;
			files = (
				07B5EF9E22245E6800AE12A4 /* CheckoutDefaultTableViewCell.m in Sources */,
				07B5EFA222245E6800AE12A4 /* TransactionItem.m in Sources */,
				07B5EF9C22245E6800AE12A4 /* CheckoutSummaryTableViewCell.m in Sources */,
				07B5EFA322245E6800AE12A4 /* UserPaymentPreferences.m in Sources */,
				07B5EFA022245E6800AE12A4 /* TransactionConfirmationViewController.m in Sources */,
				07B5EF9F22245E6800AE12A4 /* CheckoutViewController.m in Sources */,
				07B5EFA922245E6800AE12A4 /* CheckoutEditViewController.m in Sources */,
				0719AA6222244516003C8689 /* main.m in Sources */,
				07B5EFA422245E6800AE12A4 /* Transaction.m in Sources */,
				07B5EFA722245E6800AE12A4 /* CheckoutEditFooterTableViewCell.m in Sources */,
				0719AA5422244516003C8689 /* AppDelegate.m in Sources */,
			);
			runOnlyForDeploymentPostprocessing = 0;
		};
/* End PBXSourcesBuildPhase section */

/* Begin XCBuildConfiguration section */
		0719AA6E22244516003C8689 /* Debug */ = {
			isa = XCBuildConfiguration;
			buildSettings = {
				ALWAYS_SEARCH_USER_PATHS = NO;
				CLANG_ANALYZER_NONNULL = YES;
				CLANG_ANALYZER_NUMBER_OBJECT_CONVERSION = YES_AGGRESSIVE;
				CLANG_CXX_LANGUAGE_STANDARD = "gnu++14";
				CLANG_CXX_LIBRARY = "libc++";
				CLANG_ENABLE_MODULES = YES;
				CLANG_ENABLE_OBJC_ARC = YES;
				CLANG_ENABLE_OBJC_WEAK = YES;
				CLANG_WARN_BLOCK_CAPTURE_AUTORELEASING = YES;
				CLANG_WARN_BOOL_CONVERSION = YES;
				CLANG_WARN_COMMA = YES;
				CLANG_WARN_CONSTANT_CONVERSION = YES;
				CLANG_WARN_DEPRECATED_OBJC_IMPLEMENTATIONS = YES;
				CLANG_WARN_DIRECT_OBJC_ISA_USAGE = YES_ERROR;
				CLANG_WARN_DOCUMENTATION_COMMENTS = YES;
				CLANG_WARN_EMPTY_BODY = YES;
				CLANG_WARN_ENUM_CONVERSION = YES;
				CLANG_WARN_INFINITE_RECURSION = YES;
				CLANG_WARN_INT_CONVERSION = YES;
				CLANG_WARN_NON_LITERAL_NULL_CONVERSION = YES;
				CLANG_WARN_OBJC_IMPLICIT_RETAIN_SELF = YES;
				CLANG_WARN_OBJC_LITERAL_CONVERSION = YES;
				CLANG_WARN_OBJC_ROOT_CLASS = YES_ERROR;
				CLANG_WARN_RANGE_LOOP_ANALYSIS = YES;
				CLANG_WARN_STRICT_PROTOTYPES = YES;
				CLANG_WARN_SUSPICIOUS_MOVE = YES;
				CLANG_WARN_UNGUARDED_AVAILABILITY = YES_AGGRESSIVE;
				CLANG_WARN_UNREACHABLE_CODE = YES;
				CLANG_WARN__DUPLICATE_METHOD_MATCH = YES;
				CODE_SIGN_IDENTITY = "iPhone Developer";
				COPY_PHASE_STRIP = NO;
				DEBUG_INFORMATION_FORMAT = dwarf;
				ENABLE_STRICT_OBJC_MSGSEND = YES;
				ENABLE_TESTABILITY = YES;
				GCC_C_LANGUAGE_STANDARD = gnu11;
				GCC_DYNAMIC_NO_PIC = NO;
				GCC_NO_COMMON_BLOCKS = YES;
				GCC_OPTIMIZATION_LEVEL = 0;
				GCC_PREPROCESSOR_DEFINITIONS = (
					"DEBUG=1",
					"$(inherited)",
				);
				GCC_WARN_64_TO_32_BIT_CONVERSION = YES;
				GCC_WARN_ABOUT_RETURN_TYPE = YES_ERROR;
				GCC_WARN_UNDECLARED_SELECTOR = YES;
				GCC_WARN_UNINITIALIZED_AUTOS = YES_AGGRESSIVE;
				GCC_WARN_UNUSED_FUNCTION = YES;
				GCC_WARN_UNUSED_VARIABLE = YES;
				IPHONEOS_DEPLOYMENT_TARGET = 12.0;
				MTL_ENABLE_DEBUG_INFO = INCLUDE_SOURCE;
				MTL_FAST_MATH = YES;
				ONLY_ACTIVE_ARCH = YES;
				SDKROOT = iphoneos;
			};
			name = Debug;
		};
		0719AA6F22244516003C8689 /* Release */ = {
			isa = XCBuildConfiguration;
			buildSettings = {
				ALWAYS_SEARCH_USER_PATHS = NO;
				CLANG_ANALYZER_NONNULL = YES;
				CLANG_ANALYZER_NUMBER_OBJECT_CONVERSION = YES_AGGRESSIVE;
				CLANG_CXX_LANGUAGE_STANDARD = "gnu++14";
				CLANG_CXX_LIBRARY = "libc++";
				CLANG_ENABLE_MODULES = YES;
				CLANG_ENABLE_OBJC_ARC = YES;
				CLANG_ENABLE_OBJC_WEAK = YES;
				CLANG_WARN_BLOCK_CAPTURE_AUTORELEASING = YES;
				CLANG_WARN_BOOL_CONVERSION = YES;
				CLANG_WARN_COMMA = YES;
				CLANG_WARN_CONSTANT_CONVERSION = YES;
				CLANG_WARN_DEPRECATED_OBJC_IMPLEMENTATIONS = YES;
				CLANG_WARN_DIRECT_OBJC_ISA_USAGE = YES_ERROR;
				CLANG_WARN_DOCUMENTATION_COMMENTS = YES;
				CLANG_WARN_EMPTY_BODY = YES;
				CLANG_WARN_ENUM_CONVERSION = YES;
				CLANG_WARN_INFINITE_RECURSION = YES;
				CLANG_WARN_INT_CONVERSION = YES;
				CLANG_WARN_NON_LITERAL_NULL_CONVERSION = YES;
				CLANG_WARN_OBJC_IMPLICIT_RETAIN_SELF = YES;
				CLANG_WARN_OBJC_LITERAL_CONVERSION = YES;
				CLANG_WARN_OBJC_ROOT_CLASS = YES_ERROR;
				CLANG_WARN_RANGE_LOOP_ANALYSIS = YES;
				CLANG_WARN_STRICT_PROTOTYPES = YES;
				CLANG_WARN_SUSPICIOUS_MOVE = YES;
				CLANG_WARN_UNGUARDED_AVAILABILITY = YES_AGGRESSIVE;
				CLANG_WARN_UNREACHABLE_CODE = YES;
				CLANG_WARN__DUPLICATE_METHOD_MATCH = YES;
				CODE_SIGN_IDENTITY = "iPhone Developer";
				COPY_PHASE_STRIP = NO;
				DEBUG_INFORMATION_FORMAT = "dwarf-with-dsym";
				ENABLE_NS_ASSERTIONS = NO;
				ENABLE_STRICT_OBJC_MSGSEND = YES;
				GCC_C_LANGUAGE_STANDARD = gnu11;
				GCC_NO_COMMON_BLOCKS = YES;
				GCC_WARN_64_TO_32_BIT_CONVERSION = YES;
				GCC_WARN_ABOUT_RETURN_TYPE = YES_ERROR;
				GCC_WARN_UNDECLARED_SELECTOR = YES;
				GCC_WARN_UNINITIALIZED_AUTOS = YES_AGGRESSIVE;
				GCC_WARN_UNUSED_FUNCTION = YES;
				GCC_WARN_UNUSED_VARIABLE = YES;
				IPHONEOS_DEPLOYMENT_TARGET = 12.0;
				MTL_ENABLE_DEBUG_INFO = NO;
				MTL_FAST_MATH = YES;
				SDKROOT = iphoneos;
				VALIDATE_PRODUCT = YES;
			};
			name = Release;
		};
		0719AA7122244516003C8689 /* Debug */ = {
			isa = XCBuildConfiguration;
			baseConfigurationReference = B9B5657B31980EA0CFF70C41 /* Pods-checkout-demo-objc.debug.xcconfig */;
			buildSettings = {
				ALWAYS_EMBED_SWIFT_STANDARD_LIBRARIES = YES;
				ASSETCATALOG_COMPILER_APPICON_NAME = AppIcon;
				CLANG_ENABLE_MODULES = YES;
				CODE_SIGN_STYLE = Automatic;
				DEVELOPMENT_TEAM = X2E839N4PW;
				INFOPLIST_FILE = "checkout-demo-objc/Info.plist";
				LD_RUNPATH_SEARCH_PATHS = (
					"$(inherited)",
					"@executable_path/Frameworks",
				);
				PRODUCT_BUNDLE_IDENTIFIER = "com.evertecinc.checkout-demo-objc";
				PRODUCT_NAME = "$(TARGET_NAME)";
				SWIFT_OBJC_BRIDGING_HEADER = "checkout-demo-objc/checkout-demo-objc-Bridging-Header.h";
				SWIFT_OPTIMIZATION_LEVEL = "-Onone";
				SWIFT_VERSION = 5.0;
				TARGETED_DEVICE_FAMILY = "1,2";
			};
			name = Debug;
		};
		0719AA7222244516003C8689 /* Release */ = {
			isa = XCBuildConfiguration;
			baseConfigurationReference = D814AB7B4B2FF395F6DA444A /* Pods-checkout-demo-objc.release.xcconfig */;
			buildSettings = {
				ALWAYS_EMBED_SWIFT_STANDARD_LIBRARIES = YES;
				ASSETCATALOG_COMPILER_APPICON_NAME = AppIcon;
				CLANG_ENABLE_MODULES = YES;
				CODE_SIGN_STYLE = Automatic;
				DEVELOPMENT_TEAM = X2E839N4PW;
				INFOPLIST_FILE = "checkout-demo-objc/Info.plist";
				LD_RUNPATH_SEARCH_PATHS = (
					"$(inherited)",
					"@executable_path/Frameworks",
				);
				PRODUCT_BUNDLE_IDENTIFIER = "com.evertecinc.checkout-demo-objc";
				PRODUCT_NAME = "$(TARGET_NAME)";
				SWIFT_OBJC_BRIDGING_HEADER = "checkout-demo-objc/checkout-demo-objc-Bridging-Header.h";
				SWIFT_VERSION = 5.0;
				TARGETED_DEVICE_FAMILY = "1,2";
			};
			name = Release;
		};
/* End XCBuildConfiguration section */

/* Begin XCConfigurationList section */
		0719AA4A22244516003C8689 /* Build configuration list for PBXProject "checkout-demo-objc" */ = {
			isa = XCConfigurationList;
			buildConfigurations = (
				0719AA6E22244516003C8689 /* Debug */,
				0719AA6F22244516003C8689 /* Release */,
			);
			defaultConfigurationIsVisible = 0;
			defaultConfigurationName = Release;
		};
		0719AA7022244516003C8689 /* Build configuration list for PBXNativeTarget "checkout-demo-objc" */ = {
			isa = XCConfigurationList;
			buildConfigurations = (
				0719AA7122244516003C8689 /* Debug */,
				0719AA7222244516003C8689 /* Release */,
			);
			defaultConfigurationIsVisible = 0;
			defaultConfigurationName = Release;
		};
/* End XCConfigurationList section */
	};
	rootObject = 0719AA4722244516003C8689 /* Project object */;
}
